{
  "name": "res-pareto-arithmetic",
  "version": "0.1.0",
  "lockfileVersion": 2,
  "requires": true,
  "packages": {
    "": {
      "name": "res-pareto-arithmetic",
      "version": "0.1.0",
      "license": "ISC",
      "dependencies": {
        "api-pareto-arithmetic": "^0.1.0",
        "pareto-core-internals": "^0.2.0"
      }
    },
    "node_modules/api-pareto-arithmetic": {
      "version": "0.1.0",
      "resolved": "https://registry.npmjs.org/api-pareto-arithmetic/-/api-pareto-arithmetic-0.1.0.tgz",
      "integrity": "sha512-2ED0F7Tv1OUoRrtSZ2Tdo90Y4xwWOnQ33ls0jKjlkx+6pQgDUjTD4eVPzM1ovylwzWNpxZaya4gpUEm44wvRLg==",
      "dependencies": {
        "pareto-core-types": "^0.2.0"
      }
    },
    "node_modules/pareto-core-internals": {
      "version": "0.2.0",
      "resolved": "https://registry.npmjs.org/pareto-core-internals/-/pareto-core-internals-0.2.0.tgz",
      "integrity": "sha512-pMiM+P1IZGSL5ZguzVZVK6UB6s0aL3AEcBc4mxb6gOGEROMi/TcgNiMHwpIzbQ9KbNVjqXRlal9NUVJHkQPrQw==",
      "dependencies": {
        "pareto-core-types": "^0.2.0"
      }
    },
    "node_modules/pareto-core-types": {
      "version": "0.2.0",
      "resolved": "https://registry.npmjs.org/pareto-core-types/-/pareto-core-types-0.2.0.tgz",
      "integrity": "sha512-XopY0slTv5wAObZu0nOSsz6O86K/peQhVu+bqIBMJRKiewjawmIOqa9e8JHlFyXdMHxa0Ek4zDThWQVkiBCsKQ=="
    }
  },
  "dependencies": {
    "api-pareto-arithmetic": {
      "version": "0.1.0",
      "resolved": "https://registry.npmjs.org/api-pareto-arithmetic/-/api-pareto-arithmetic-0.1.0.tgz",
      "integrity": "sha512-2ED0F7Tv1OUoRrtSZ2Tdo90Y4xwWOnQ33ls0jKjlkx+6pQgDUjTD4eVPzM1ovylwzWNpxZaya4gpUEm44wvRLg==",
      "requires": {
        "pareto-core-types": "^0.2.0"
      }
    },
    "pareto-core-internals": {
      "version": "0.2.0",
      "resolved": "https://registry.npmjs.org/pareto-core-internals/-/pareto-core-internals-0.2.0.tgz",
      "integrity": "sha512-pMiM+P1IZGSL5ZguzVZVK6UB6s0aL3AEcBc4mxb6gOGEROMi/TcgNiMHwpIzbQ9KbNVjqXRlal9NUVJHkQPrQw==",
      "requires": {
        "pareto-core-types": "^0.2.0"
      }
    },
    "pareto-core-types": {
      "version": "0.2.0",
      "resolved": "https://registry.npmjs.org/pareto-core-types/-/pareto-core-types-0.2.0.tgz",
      "integrity": "sha512-XopY0slTv5wAObZu0nOSsz6O86K/peQhVu+bqIBMJRKiewjawmIOqa9e8JHlFyXdMHxa0Ek4zDThWQVkiBCsKQ=="
    }
  }
}
